{
  "version": 4,
  "terraform_version": "1.5.7",
  "serial": 38,
  "lineage": "4ff09134-5e3e-b143-dc03-a605a7c3fa36",
  "outputs": {
    "Load_balancer_Public_IP": {
      "value": [
        "129.151.210.175"
      ],
      "type": [
        "list",
        "string"
      ]
    }
  },
  "resources": [
    {
      "mode": "data",
      "type": "oci_core_images",
      "name": "compute_images",
      "provider": "provider[\"registry.terraform.io/hashicorp/oci\"]",
      "instances": [
        {
          "schema_version": 0,
          "attributes": {
            "compartment_id": "ocid1.compartment.oc1..aaaaaaaatqxfckmgfp4nfjre4fp75uoook2fzeauiyhtlqfery6z52h2rpsa",
            "display_name": null,
            "filter": null,
            "id": "CoreImagesDataSource-3009082369",
            "images": [
              {
                "agent_features": [],
                "base_image_id": "",
                "billable_size_in_gbs": "4",
                "compartment_id": "",
                "create_image_allowed": true,
                "defined_tags": {},
                "display_name": "Oracle-Linux-7.9-2024.04.19-0",
                "freeform_tags": {},
                "id": "ocid1.image.oc1.eu-stockholm-1.aaaaaaaag4ykhwfwgr6be73rvuhezmeonnj6czouoivr6whce6k24xhgburq",
                "image_source_details": [],
                "instance_id": "",
                "launch_mode": "NATIVE",
                "launch_options": [
                  {
                    "boot_volume_type": "PARAVIRTUALIZED",
                    "firmware": "UEFI_64",
                    "is_consistent_volume_naming_enabled": true,
                    "is_pv_encryption_in_transit_enabled": true,
                    "network_type": "PARAVIRTUALIZED",
                    "remote_data_volume_type": "PARAVIRTUALIZED"
                  }
                ],
                "listing_type": "",
                "operating_system": "Oracle Linux",
                "operating_system_version": "7.9",
                "size_in_mbs": "47694",
                "state": "AVAILABLE",
                "time_created": "2024-04-23 19:20:03.937 +0000 UTC"
              },
              {
                "agent_features": [],
                "base_image_id": "",
                "billable_size_in_gbs": "4",
                "compartment_id": "",
                "create_image_allowed": true,
                "defined_tags": {},
                "display_name": "Oracle-Linux-7.9-2024.03.28-0",
                "freeform_tags": {},
                "id": "ocid1.image.oc1.eu-stockholm-1.aaaaaaaaaycyk74p5ffy6inqvjt22hlhyphzbugii22abde6cor5zx73drha",
                "image_source_details": [],
                "instance_id": "",
                "launch_mode": "NATIVE",
                "launch_options": [
                  {
                    "boot_volume_type": "PARAVIRTUALIZED",
                    "firmware": "UEFI_64",
                    "is_consistent_volume_naming_enabled": true,
                    "is_pv_encryption_in_transit_enabled": true,
                    "network_type": "PARAVIRTUALIZED",
                    "remote_data_volume_type": "PARAVIRTUALIZED"
                  }
                ],
                "listing_type": "",
                "operating_system": "Oracle Linux",
                "operating_system_version": "7.9",
                "size_in_mbs": "47694",
                "state": "AVAILABLE",
                "time_created": "2024-04-15 05:51:18.899 +0000 UTC"
              },
              {
                "agent_features": [],
                "base_image_id": "",
                "billable_size_in_gbs": "4",
                "compartment_id": "",
                "create_image_allowed": true,
                "defined_tags": {},
                "display_name": "Oracle-Linux-7.9-2024.02.26-0",
                "freeform_tags": {},
                "id": "ocid1.image.oc1.eu-stockholm-1.aaaaaaaaxiwz6qm7iokalwsagq7sjupmz7fs2ubrts2jfvy6souzon47pmsa",
                "image_source_details": [],
                "instance_id": "",
                "launch_mode": "NATIVE",
                "launch_options": [
                  {
                    "boot_volume_type": "PARAVIRTUALIZED",
                    "firmware": "UEFI_64",
                    "is_consistent_volume_naming_enabled": true,
                    "is_pv_encryption_in_transit_enabled": true,
                    "network_type": "PARAVIRTUALIZED",
                    "remote_data_volume_type": "PARAVIRTUALIZED"
                  }
                ],
                "listing_type": "",
                "operating_system": "Oracle Linux",
                "operating_system_version": "7.9",
                "size_in_mbs": "47694",
                "state": "AVAILABLE",
                "time_created": "2024-03-07 05:31:51.11 +0000 UTC"
              }
            ],
            "operating_system": "Oracle Linux",
            "operating_system_version": "7.9",
            "shape": "VM.Standard.E2.1.Micro",
            "sort_by": "TIMECREATED",
            "sort_order": "DESC",
            "state": null
          },
          "sensitive_attributes": []
        }
      ]
    },
    {
      "mode": "data",
      "type": "oci_identity_availability_domains",
      "name": "ADs",
      "provider": "provider[\"registry.terraform.io/hashicorp/oci\"]",
      "instances": [
        {
          "schema_version": 0,
          "attributes": {
            "availability_domains": [
              {
                "compartment_id": "ocid1.tenancy.oc1..aaaaaaaa5eozfvhzmcvviy24rndcamoil6ajrlfkj24z3jymulzch2qfyydq",
                "id": "ocid1.availabilitydomain.oc1..aaaaaaaa36jxkehxfoihty2xbagvwiwz4wasae2zpmr3s4oxt45cl3wd5yla",
                "name": "uEfk:EU-STOCKHOLM-1-AD-1"
              }
            ],
            "compartment_id": "ocid1.tenancy.oc1..aaaaaaaa5eozfvhzmcvviy24rndcamoil6ajrlfkj24z3jymulzch2qfyydq",
            "filter": null,
            "id": "IdentityAvailabilityDomainsDataSource-645385196"
          },
          "sensitive_attributes": []
        }
      ]
    },
    {
      "mode": "managed",
      "type": "oci_core_instance",
      "name": "web-01",
      "provider": "provider[\"registry.terraform.io/hashicorp/oci\"]",
      "instances": [
        {
          "schema_version": 0,
          "attributes": {
            "agent_config": [
              {
                "are_all_plugins_disabled": false,
                "is_management_disabled": false,
                "is_monitoring_disabled": false,
                "plugins_config": []
              }
            ],
            "async": null,
            "availability_config": [
              {
                "is_live_migration_preferred": false,
                "recovery_action": "RESTORE_INSTANCE"
              }
            ],
            "availability_domain": "uEfk:EU-STOCKHOLM-1-AD-1",
            "boot_volume_id": "ocid1.bootvolume.oc1.eu-stockholm-1.abqxeljrukmgba5wfyhsjtjhfv3wwajwkayc6hhjtu74iuj4nauhc535bs5a",
            "capacity_reservation_id": null,
            "cluster_placement_group_id": null,
            "compartment_id": "ocid1.compartment.oc1..aaaaaaaatqxfckmgfp4nfjre4fp75uoook2fzeauiyhtlqfery6z52h2rpsa",
            "compute_cluster_id": null,
            "create_vnic_details": [
              {
                "assign_ipv6ip": false,
                "assign_private_dns_record": false,
                "assign_public_ip": "true",
                "defined_tags": {
                  "Oracle-Tags.CreatedBy": "default/tomas.jurgelevicius@telia.lt",
                  "Oracle-Tags.CreatedOn": "2024-05-29T12:22:25.956Z"
                },
                "display_name": "web-server-01",
                "freeform_tags": {},
                "hostname_label": "web-server-01",
                "ipv6address_ipv6subnet_cidr_pair_details": [],
                "nsg_ids": [],
                "private_ip": "10.0.1.34",
                "skip_source_dest_check": false,
                "subnet_id": "ocid1.subnet.oc1.eu-stockholm-1.aaaaaaaazs36tl576vl4t7c4iqkjf4emktuodudr4rl276rwctbhtqdxwj4a",
                "vlan_id": ""
              }
            ],
            "dedicated_vm_host_id": null,
            "defined_tags": {
              "Oracle-Tags.CreatedBy": "default/tomas.jurgelevicius@telia.lt",
              "Oracle-Tags.CreatedOn": "2024-05-29T12:22:25.825Z"
            },
            "display_name": "web-server-01",
            "extended_metadata": {},
            "fault_domain": "FAULT-DOMAIN-3",
            "freeform_tags": {},
            "hostname_label": "web-server-01",
            "id": "ocid1.instance.oc1.eu-stockholm-1.anqxeljrkkl3unycasyoiisr7nka37pehsx7w5kemttt5zbevy3gsujvgraq",
            "image": "ocid1.image.oc1.eu-stockholm-1.aaaaaaaag4ykhwfwgr6be73rvuhezmeonnj6czouoivr6whce6k24xhgburq",
            "instance_configuration_id": null,
            "instance_options": [
              {
                "are_legacy_imds_endpoints_disabled": false
              }
            ],
            "ipxe_script": null,
            "is_cross_numa_node": false,
            "is_pv_encryption_in_transit_enabled": null,
            "launch_mode": "PARAVIRTUALIZED",
            "launch_options": [
              {
                "boot_volume_type": "PARAVIRTUALIZED",
                "firmware": "UEFI_64",
                "is_consistent_volume_naming_enabled": true,
                "is_pv_encryption_in_transit_enabled": false,
                "network_type": "PARAVIRTUALIZED",
                "remote_data_volume_type": "PARAVIRTUALIZED"
              }
            ],
            "launch_volume_attachments": null,
            "metadata": {
              "ssh_authorized_keys": "ssh-rsa AAAAB3NzaC1yc2EAAAADAQABAAABAQCbTMcAGZiRHsHJ5u47JDCYNDUxI398na1iAhwlh2j2OtqIeJadrazYMbeCw1YHIElPn5cHDP5IU13folj+AuocbeNNNDQroRhiUwz5XuCCWiZgKFaeZgc/8YcLgXBtfoolC4Q5GxgV4Z9dkTfw9FcNLcN00oD6TDlljvtIAXADCH8CWHGF0c+eKp2/g8A411grQLbbjahiqh1wf1vJWQ+Fj6K9SIMCarYhkX3vP/IsAAmi45Tq9YadZpkL2ybFy91KOtvGcJj7a1FAN31L6uT1xLfnIUiRrgFRyTBBJbPotB2AcB9LXDkgN+vpyKdBqxwTdYx7uXw3wTxaBWSoEL3r Tomas_Jurg@46b5f6ad7903",
              "user_data": "IyEvYmluL2Jhc2gKZWNobyAiSGVsbG8sIFdvcmxkISIgPiAvdmFyL3d3dy9odG1sL2luZGV4Lmh0bWwKIyBBZGQgbW9yZSBpbml0aWFsaXphdGlvbiBjb21tYW5kcyBoZXJlCg=="
            },
            "platform_config": [],
            "preemptible_instance_config": [],
            "preserve_boot_volume": null,
            "preserve_data_volumes_created_at_launch": null,
            "private_ip": "10.0.1.34",
            "public_ip": "207.127.91.221",
            "region": "eu-stockholm-1",
            "shape": "VM.Standard.E2.1.Micro",
            "shape_config": [
              {
                "baseline_ocpu_utilization": "",
                "gpu_description": "",
                "gpus": 0,
                "local_disk_description": "",
                "local_disks": 0,
                "local_disks_total_size_in_gbs": 0,
                "max_vnic_attachments": 1,
                "memory_in_gbs": 1,
                "networking_bandwidth_in_gbps": 0.47999998927116394,
                "nvmes": 0,
                "ocpus": 1,
                "processor_description": "2.0 GHz AMD EPYC™ 7551 (Naples)",
                "vcpus": 2
              }
            ],
            "source_details": [
              {
                "boot_volume_size_in_gbs": "58",
                "boot_volume_vpus_per_gb": "10",
                "instance_source_image_filter_details": [],
                "is_preserve_boot_volume_enabled": false,
                "kms_key_id": "",
                "source_id": "ocid1.image.oc1.eu-stockholm-1.aaaaaaaag4ykhwfwgr6be73rvuhezmeonnj6czouoivr6whce6k24xhgburq",
                "source_type": "image"
              }
            ],
            "state": "RUNNING",
            "subnet_id": "ocid1.subnet.oc1.eu-stockholm-1.aaaaaaaazs36tl576vl4t7c4iqkjf4emktuodudr4rl276rwctbhtqdxwj4a",
            "system_tags": {
              "orcl-cloud.free-tier-retained": "true"
            },
            "time_created": "2024-05-29 12:22:26.431 +0000 UTC",
            "time_maintenance_reboot_due": "",
            "timeouts": null,
            "update_operation_constraint": null
          },
          "sensitive_attributes": [],
          "private": "eyJlMmJmYjczMC1lY2FhLTExZTYtOGY4OC0zNDM2M2JjN2M0YzAiOnsiY3JlYXRlIjoyNzAwMDAwMDAwMDAwLCJkZWxldGUiOjQ1MDAwMDAwMDAwMDAsInVwZGF0ZSI6MjcwMDAwMDAwMDAwMH19",
          "dependencies": [
            "data.oci_core_images.compute_images",
            "data.oci_identity_availability_domains.ADs",
            "oci_core_internet_gateway.igw",
            "oci_core_route_table.PublicRT",
            "oci_core_security_list.securitylist",
            "oci_core_subnet.subnet",
            "oci_core_virtual_network.vcn"
          ]
        }
      ]
    },
    {
      "mode": "managed",
      "type": "oci_core_instance",
      "name": "web-02",
      "provider": "provider[\"registry.terraform.io/hashicorp/oci\"]",
      "instances": [
        {
          "schema_version": 0,
          "attributes": {
            "agent_config": [
              {
                "are_all_plugins_disabled": false,
                "is_management_disabled": false,
                "is_monitoring_disabled": false,
                "plugins_config": []
              }
            ],
            "async": null,
            "availability_config": [
              {
                "is_live_migration_preferred": false,
                "recovery_action": "RESTORE_INSTANCE"
              }
            ],
            "availability_domain": "uEfk:EU-STOCKHOLM-1-AD-1",
            "boot_volume_id": "ocid1.bootvolume.oc1.eu-stockholm-1.abqxeljrwb73dcmqhr4dn64gaqdxua7yvanmgh43rjp5k6dgmquscoqemzua",
            "capacity_reservation_id": null,
            "cluster_placement_group_id": null,
            "compartment_id": "ocid1.compartment.oc1..aaaaaaaatqxfckmgfp4nfjre4fp75uoook2fzeauiyhtlqfery6z52h2rpsa",
            "compute_cluster_id": null,
            "create_vnic_details": [
              {
                "assign_ipv6ip": false,
                "assign_private_dns_record": false,
                "assign_public_ip": "true",
                "defined_tags": {
                  "Oracle-Tags.CreatedBy": "default/tomas.jurgelevicius@telia.lt",
                  "Oracle-Tags.CreatedOn": "2024-05-29T12:22:25.921Z"
                },
                "display_name": "web-server-02",
                "freeform_tags": {},
                "hostname_label": "web-server-02",
                "ipv6address_ipv6subnet_cidr_pair_details": [],
                "nsg_ids": [],
                "private_ip": "10.0.1.123",
                "skip_source_dest_check": false,
                "subnet_id": "ocid1.subnet.oc1.eu-stockholm-1.aaaaaaaazs36tl576vl4t7c4iqkjf4emktuodudr4rl276rwctbhtqdxwj4a",
                "vlan_id": ""
              }
            ],
            "dedicated_vm_host_id": null,
            "defined_tags": {
              "Oracle-Tags.CreatedBy": "default/tomas.jurgelevicius@telia.lt",
              "Oracle-Tags.CreatedOn": "2024-05-29T12:22:25.750Z"
            },
            "display_name": "web-server-02",
            "extended_metadata": {},
            "fault_domain": "FAULT-DOMAIN-3",
            "freeform_tags": {},
            "hostname_label": "web-server-02",
            "id": "ocid1.instance.oc1.eu-stockholm-1.anqxeljrkkl3unyc5hoygw44x4r23tfgikk623ze4r6hxzwnx7io3qzidwlq",
            "image": "ocid1.image.oc1.eu-stockholm-1.aaaaaaaag4ykhwfwgr6be73rvuhezmeonnj6czouoivr6whce6k24xhgburq",
            "instance_configuration_id": null,
            "instance_options": [
              {
                "are_legacy_imds_endpoints_disabled": false
              }
            ],
            "ipxe_script": null,
            "is_cross_numa_node": false,
            "is_pv_encryption_in_transit_enabled": null,
            "launch_mode": "PARAVIRTUALIZED",
            "launch_options": [
              {
                "boot_volume_type": "PARAVIRTUALIZED",
                "firmware": "UEFI_64",
                "is_consistent_volume_naming_enabled": true,
                "is_pv_encryption_in_transit_enabled": false,
                "network_type": "PARAVIRTUALIZED",
                "remote_data_volume_type": "PARAVIRTUALIZED"
              }
            ],
            "launch_volume_attachments": null,
            "metadata": {
              "ssh_authorized_keys": "ssh-rsa AAAAB3NzaC1yc2EAAAADAQABAAABAQCbTMcAGZiRHsHJ5u47JDCYNDUxI398na1iAhwlh2j2OtqIeJadrazYMbeCw1YHIElPn5cHDP5IU13folj+AuocbeNNNDQroRhiUwz5XuCCWiZgKFaeZgc/8YcLgXBtfoolC4Q5GxgV4Z9dkTfw9FcNLcN00oD6TDlljvtIAXADCH8CWHGF0c+eKp2/g8A411grQLbbjahiqh1wf1vJWQ+Fj6K9SIMCarYhkX3vP/IsAAmi45Tq9YadZpkL2ybFy91KOtvGcJj7a1FAN31L6uT1xLfnIUiRrgFRyTBBJbPotB2AcB9LXDkgN+vpyKdBqxwTdYx7uXw3wTxaBWSoEL3r Tomas_Jurg@46b5f6ad7903",
              "user_data": "IyEvYmluL2Jhc2gKZWNobyAiSGVsbG8sIFdvcmxkISIgPiAvdmFyL3d3dy9odG1sL2luZGV4Lmh0bWwKIyBBZGQgbW9yZSBpbml0aWFsaXphdGlvbiBjb21tYW5kcyBoZXJlCg=="
            },
            "platform_config": [],
            "preemptible_instance_config": [],
            "preserve_boot_volume": null,
            "preserve_data_volumes_created_at_launch": null,
            "private_ip": "10.0.1.123",
            "public_ip": "129.151.214.167",
            "region": "eu-stockholm-1",
            "shape": "VM.Standard.E2.1.Micro",
            "shape_config": [
              {
                "baseline_ocpu_utilization": "",
                "gpu_description": "",
                "gpus": 0,
                "local_disk_description": "",
                "local_disks": 0,
                "local_disks_total_size_in_gbs": 0,
                "max_vnic_attachments": 1,
                "memory_in_gbs": 1,
                "networking_bandwidth_in_gbps": 0.47999998927116394,
                "nvmes": 0,
                "ocpus": 1,
                "processor_description": "2.0 GHz AMD EPYC™ 7551 (Naples)",
                "vcpus": 2
              }
            ],
            "source_details": [
              {
                "boot_volume_size_in_gbs": "58",
                "boot_volume_vpus_per_gb": "10",
                "instance_source_image_filter_details": [],
                "is_preserve_boot_volume_enabled": false,
                "kms_key_id": "",
                "source_id": "ocid1.image.oc1.eu-stockholm-1.aaaaaaaag4ykhwfwgr6be73rvuhezmeonnj6czouoivr6whce6k24xhgburq",
                "source_type": "image"
              }
            ],
            "state": "RUNNING",
            "subnet_id": "ocid1.subnet.oc1.eu-stockholm-1.aaaaaaaazs36tl576vl4t7c4iqkjf4emktuodudr4rl276rwctbhtqdxwj4a",
            "system_tags": {
              "orcl-cloud.free-tier-retained": "true"
            },
            "time_created": "2024-05-29 12:22:26.432 +0000 UTC",
            "time_maintenance_reboot_due": "",
            "timeouts": null,
            "update_operation_constraint": null
          },
          "sensitive_attributes": [],
          "private": "eyJlMmJmYjczMC1lY2FhLTExZTYtOGY4OC0zNDM2M2JjN2M0YzAiOnsiY3JlYXRlIjoyNzAwMDAwMDAwMDAwLCJkZWxldGUiOjQ1MDAwMDAwMDAwMDAsInVwZGF0ZSI6MjcwMDAwMDAwMDAwMH19",
          "dependencies": [
            "data.oci_core_images.compute_images",
            "data.oci_identity_availability_domains.ADs",
            "oci_core_internet_gateway.igw",
            "oci_core_route_table.PublicRT",
            "oci_core_security_list.securitylist",
            "oci_core_subnet.subnet",
            "oci_core_virtual_network.vcn"
          ]
        }
      ]
    },
    {
      "mode": "managed",
      "type": "oci_core_internet_gateway",
      "name": "igw",
      "provider": "provider[\"registry.terraform.io/hashicorp/oci\"]",
      "instances": [
        {
          "schema_version": 0,
          "attributes": {
            "compartment_id": "ocid1.compartment.oc1..aaaaaaaatqxfckmgfp4nfjre4fp75uoook2fzeauiyhtlqfery6z52h2rpsa",
            "defined_tags": {
              "Oracle-Tags.CreatedBy": "default/tomas.jurgelevicius@telia.lt",
              "Oracle-Tags.CreatedOn": "2024-05-29T12:22:22.718Z"
            },
            "display_name": "vcn01igw",
            "enabled": true,
            "freeform_tags": {},
            "id": "ocid1.internetgateway.oc1.eu-stockholm-1.aaaaaaaa6wgxhsgwher7lmij46ar743y7motd4tctied7sgzl4avmcttywpq",
            "route_table_id": null,
            "state": "AVAILABLE",
            "time_created": "2024-05-29 12:22:22.749 +0000 UTC",
            "timeouts": null,
            "vcn_id": "ocid1.vcn.oc1.eu-stockholm-1.amaaaaaakkl3unyaluuipj4p4lg3wy2gg4si4lbtocxg7hqoypxoyq3hrwda"
          },
          "sensitive_attributes": [],
          "private": "eyJlMmJmYjczMC1lY2FhLTExZTYtOGY4OC0zNDM2M2JjN2M0YzAiOnsiY3JlYXRlIjoxMjAwMDAwMDAwMDAwLCJkZWxldGUiOjEyMDAwMDAwMDAwMDAsInVwZGF0ZSI6MTIwMDAwMDAwMDAwMH19",
          "dependencies": [
            "oci_core_virtual_network.vcn"
          ]
        }
      ]
    },
    {
      "mode": "managed",
      "type": "oci_core_route_table",
      "name": "PublicRT",
      "provider": "provider[\"registry.terraform.io/hashicorp/oci\"]",
      "instances": [
        {
          "schema_version": 0,
          "attributes": {
            "compartment_id": "ocid1.compartment.oc1..aaaaaaaatqxfckmgfp4nfjre4fp75uoook2fzeauiyhtlqfery6z52h2rpsa",
            "defined_tags": {
              "Oracle-Tags.CreatedBy": "default/tomas.jurgelevicius@telia.lt",
              "Oracle-Tags.CreatedOn": "2024-05-29T12:22:23.098Z"
            },
            "display_name": "vcn01pubrt",
            "freeform_tags": {},
            "id": "ocid1.routetable.oc1.eu-stockholm-1.aaaaaaaainxw75onk5zs2u5gdok2gpvtzp55dezcm2mcf7jlb65hjdmiom5q",
            "route_rules": [
              {
                "cidr_block": "",
                "description": "",
                "destination": "0.0.0.0/0",
                "destination_type": "CIDR_BLOCK",
                "network_entity_id": "ocid1.internetgateway.oc1.eu-stockholm-1.aaaaaaaa6wgxhsgwher7lmij46ar743y7motd4tctied7sgzl4avmcttywpq",
                "route_type": ""
              }
            ],
            "state": "AVAILABLE",
            "time_created": "2024-05-29 12:22:23.125 +0000 UTC",
            "timeouts": null,
            "vcn_id": "ocid1.vcn.oc1.eu-stockholm-1.amaaaaaakkl3unyaluuipj4p4lg3wy2gg4si4lbtocxg7hqoypxoyq3hrwda"
          },
          "sensitive_attributes": [],
          "private": "eyJlMmJmYjczMC1lY2FhLTExZTYtOGY4OC0zNDM2M2JjN2M0YzAiOnsiY3JlYXRlIjoxMjAwMDAwMDAwMDAwLCJkZWxldGUiOjEyMDAwMDAwMDAwMDAsInVwZGF0ZSI6MTIwMDAwMDAwMDAwMH19",
          "dependencies": [
            "oci_core_internet_gateway.igw",
            "oci_core_virtual_network.vcn"
          ]
        }
      ]
    },
    {
      "mode": "managed",
      "type": "oci_core_security_list",
      "name": "securitylist",
      "provider": "provider[\"registry.terraform.io/hashicorp/oci\"]",
      "instances": [
        {
          "schema_version": 0,
          "attributes": {
            "compartment_id": "ocid1.compartment.oc1..aaaaaaaatqxfckmgfp4nfjre4fp75uoook2fzeauiyhtlqfery6z52h2rpsa",
            "defined_tags": {
              "Oracle-Tags.CreatedBy": "default/tomas.jurgelevicius@telia.lt",
              "Oracle-Tags.CreatedOn": "2024-05-29T12:22:22.737Z"
            },
            "display_name": "SL_public",
            "egress_security_rules": [
              {
                "description": "",
                "destination": "0.0.0.0/0",
                "destination_type": "CIDR_BLOCK",
                "icmp_options": [],
                "protocol": "all",
                "stateless": false,
                "tcp_options": [],
                "udp_options": []
              }
            ],
            "freeform_tags": {},
            "id": "ocid1.securitylist.oc1.eu-stockholm-1.aaaaaaaae7tid6oe2mfutrmjrzgt2medah7jbihyksqwcenipqd5btqynm3q",
            "ingress_security_rules": [
              {
                "description": "",
                "icmp_options": [],
                "protocol": "6",
                "source": "0.0.0.0/0",
                "source_type": "CIDR_BLOCK",
                "stateless": false,
                "tcp_options": [
                  {
                    "max": 22,
                    "min": 22,
                    "source_port_range": []
                  }
                ],
                "udp_options": []
              },
              {
                "description": "",
                "icmp_options": [],
                "protocol": "6",
                "source": "0.0.0.0/0",
                "source_type": "CIDR_BLOCK",
                "stateless": false,
                "tcp_options": [
                  {
                    "max": 80,
                    "min": 80,
                    "source_port_range": []
                  }
                ],
                "udp_options": []
              }
            ],
            "state": "AVAILABLE",
            "time_created": "2024-05-29 12:22:22.783 +0000 UTC",
            "timeouts": null,
            "vcn_id": "ocid1.vcn.oc1.eu-stockholm-1.amaaaaaakkl3unyaluuipj4p4lg3wy2gg4si4lbtocxg7hqoypxoyq3hrwda"
          },
          "sensitive_attributes": [],
          "private": "eyJlMmJmYjczMC1lY2FhLTExZTYtOGY4OC0zNDM2M2JjN2M0YzAiOnsiY3JlYXRlIjoxMjAwMDAwMDAwMDAwLCJkZWxldGUiOjEyMDAwMDAwMDAwMDAsInVwZGF0ZSI6MTIwMDAwMDAwMDAwMH19",
          "dependencies": [
            "oci_core_virtual_network.vcn"
          ]
        }
      ]
    },
    {
      "mode": "managed",
      "type": "oci_core_subnet",
      "name": "subnet",
      "provider": "provider[\"registry.terraform.io/hashicorp/oci\"]",
      "instances": [
        {
          "schema_version": 0,
          "attributes": {
            "availability_domain": "",
            "cidr_block": "10.0.1.0/24",
            "compartment_id": "ocid1.compartment.oc1..aaaaaaaatqxfckmgfp4nfjre4fp75uoook2fzeauiyhtlqfery6z52h2rpsa",
            "defined_tags": {
              "Oracle-Tags.CreatedBy": "default/tomas.jurgelevicius@telia.lt",
              "Oracle-Tags.CreatedOn": "2024-05-29T12:22:23.444Z"
            },
            "dhcp_options_id": "ocid1.dhcpoptions.oc1.eu-stockholm-1.aaaaaaaazw3sd7bilehnx2lpxjdlwziw4m5v2vsgrg6xqqp43vvudhecquhq",
            "display_name": "subnet",
            "dns_label": "subnet",
            "freeform_tags": {},
            "id": "ocid1.subnet.oc1.eu-stockholm-1.aaaaaaaazs36tl576vl4t7c4iqkjf4emktuodudr4rl276rwctbhtqdxwj4a",
            "ipv6cidr_block": null,
            "ipv6cidr_blocks": [],
            "ipv6virtual_router_ip": null,
            "prohibit_internet_ingress": false,
            "prohibit_public_ip_on_vnic": false,
            "route_table_id": "ocid1.routetable.oc1.eu-stockholm-1.aaaaaaaainxw75onk5zs2u5gdok2gpvtzp55dezcm2mcf7jlb65hjdmiom5q",
            "security_list_ids": [
              "ocid1.securitylist.oc1.eu-stockholm-1.aaaaaaaae7tid6oe2mfutrmjrzgt2medah7jbihyksqwcenipqd5btqynm3q"
            ],
            "state": "AVAILABLE",
            "subnet_domain_name": "subnet.vcn01.oraclevcn.com",
            "time_created": "2024-05-29 12:22:23.49 +0000 UTC",
            "timeouts": null,
            "vcn_id": "ocid1.vcn.oc1.eu-stockholm-1.amaaaaaakkl3unyaluuipj4p4lg3wy2gg4si4lbtocxg7hqoypxoyq3hrwda",
            "virtual_router_ip": "10.0.1.1",
            "virtual_router_mac": "00:00:17:BE:98:13"
          },
          "sensitive_attributes": [],
          "private": "eyJlMmJmYjczMC1lY2FhLTExZTYtOGY4OC0zNDM2M2JjN2M0YzAiOnsiY3JlYXRlIjoxMjAwMDAwMDAwMDAwLCJkZWxldGUiOjEyMDAwMDAwMDAwMDAsInVwZGF0ZSI6MTIwMDAwMDAwMDAwMH19",
          "dependencies": [
            "oci_core_internet_gateway.igw",
            "oci_core_route_table.PublicRT",
            "oci_core_security_list.securitylist",
            "oci_core_virtual_network.vcn"
          ]
        }
      ]
    },
    {
      "mode": "managed",
      "type": "oci_core_virtual_network",
      "name": "vcn",
      "provider": "provider[\"registry.terraform.io/hashicorp/oci\"]",
      "instances": [
        {
          "schema_version": 0,
          "attributes": {
            "byoipv6cidr_blocks": [],
            "byoipv6cidr_details": null,
            "cidr_block": "10.0.0.0/16",
            "cidr_blocks": [
              "10.0.0.0/16"
            ],
            "compartment_id": "ocid1.compartment.oc1..aaaaaaaatqxfckmgfp4nfjre4fp75uoook2fzeauiyhtlqfery6z52h2rpsa",
            "default_dhcp_options_id": "ocid1.dhcpoptions.oc1.eu-stockholm-1.aaaaaaaazw3sd7bilehnx2lpxjdlwziw4m5v2vsgrg6xqqp43vvudhecquhq",
            "default_route_table_id": "ocid1.routetable.oc1.eu-stockholm-1.aaaaaaaaiiyomv5pdd2dic75w6zsdmuzysoond7aavpw7qxnu5vglkvekesa",
            "default_security_list_id": "ocid1.securitylist.oc1.eu-stockholm-1.aaaaaaaakmn5y7za3zhf5lb7saabsjs6yi72caskhxgijbviex3uawdvblmq",
            "defined_tags": {
              "Oracle-Tags.CreatedBy": "default/tomas.jurgelevicius@telia.lt",
              "Oracle-Tags.CreatedOn": "2024-05-29T12:22:22.269Z"
            },
            "display_name": "vcn01",
            "dns_label": "vcn01",
            "freeform_tags": {},
            "id": "ocid1.vcn.oc1.eu-stockholm-1.amaaaaaakkl3unyaluuipj4p4lg3wy2gg4si4lbtocxg7hqoypxoyq3hrwda",
            "ipv6cidr_blocks": [],
            "ipv6private_cidr_blocks": [],
            "is_ipv6enabled": false,
            "is_oracle_gua_allocation_enabled": null,
            "state": "AVAILABLE",
            "time_created": "2024-05-29 12:22:22.328 +0000 UTC",
            "timeouts": null,
            "vcn_domain_name": "vcn01.oraclevcn.com"
          },
          "sensitive_attributes": [],
          "private": "eyJlMmJmYjczMC1lY2FhLTExZTYtOGY4OC0zNDM2M2JjN2M0YzAiOnsiY3JlYXRlIjoxMjAwMDAwMDAwMDAwLCJkZWxldGUiOjEyMDAwMDAwMDAwMDAsInVwZGF0ZSI6MTIwMDAwMDAwMDAwMH19"
        }
      ]
    },
    {
      "mode": "managed",
      "type": "oci_load_balancer",
      "name": "Load_Balancer",
      "provider": "provider[\"registry.terraform.io/hashicorp/oci\"]",
      "instances": [
        {
          "schema_version": 0,
          "attributes": {
            "compartment_id": "ocid1.compartment.oc1..aaaaaaaatqxfckmgfp4nfjre4fp75uoook2fzeauiyhtlqfery6z52h2rpsa",
            "defined_tags": {
              "Oracle-Tags.CreatedBy": "default/tomas.jurgelevicius@telia.lt",
              "Oracle-Tags.CreatedOn": "2024-05-29T12:22:25.461Z"
            },
            "display_name": "demo-lb",
            "freeform_tags": {},
            "id": "ocid1.loadbalancer.oc1.eu-stockholm-1.aaaaaaaa6ugtr7mu5ztwntq3navjp6oecgf575zu2oz77booanwbnuvwr5xq",
            "ip_address_details": [
              {
                "ip_address": "129.151.210.175",
                "is_public": true,
                "reserved_ip": []
              }
            ],
            "ip_addresses": [
              "129.151.210.175"
            ],
            "ip_mode": "IPV4",
            "is_delete_protection_enabled": null,
            "is_private": false,
            "network_security_group_ids": null,
            "reserved_ips": [],
            "shape": "100Mbps",
            "shape_details": [],
            "state": "ACTIVE",
            "subnet_ids": [
              "ocid1.subnet.oc1.eu-stockholm-1.aaaaaaaazs36tl576vl4t7c4iqkjf4emktuodudr4rl276rwctbhtqdxwj4a"
            ],
            "system_tags": {},
            "time_created": "2024-05-29 12:22:25.674 +0000 UTC",
            "timeouts": null
          },
          "sensitive_attributes": [],
          "private": "eyJlMmJmYjczMC1lY2FhLTExZTYtOGY4OC0zNDM2M2JjN2M0YzAiOnsiY3JlYXRlIjoxMjAwMDAwMDAwMDAwLCJkZWxldGUiOjEyMDAwMDAwMDAwMDAsInVwZGF0ZSI6MTIwMDAwMDAwMDAwMH19",
          "dependencies": [
            "oci_core_internet_gateway.igw",
            "oci_core_route_table.PublicRT",
            "oci_core_security_list.securitylist",
            "oci_core_subnet.subnet",
            "oci_core_virtual_network.vcn"
          ]
        }
      ]
    },
    {
      "mode": "managed",
      "type": "oci_load_balancer_backend",
      "name": "web-server-01",
      "provider": "provider[\"registry.terraform.io/hashicorp/oci\"]",
      "instances": [
        {
          "schema_version": 0,
          "attributes": {
            "backendset_name": "web-servers-backend",
            "backup": false,
            "drain": false,
            "id": "loadBalancers/ocid1.loadbalancer.oc1.eu-stockholm-1.aaaaaaaa6ugtr7mu5ztwntq3navjp6oecgf575zu2oz77booanwbnuvwr5xq/backendSets/web-servers-backend/backends/10.0.1.34:80",
            "ip_address": "10.0.1.34",
            "load_balancer_id": "ocid1.loadbalancer.oc1.eu-stockholm-1.aaaaaaaa6ugtr7mu5ztwntq3navjp6oecgf575zu2oz77booanwbnuvwr5xq",
            "max_connections": null,
            "name": "10.0.1.34:80",
            "offline": false,
            "port": 80,
            "state": "SUCCEEDED",
            "timeouts": null,
            "weight": 1
          },
          "sensitive_attributes": [],
          "private": "eyJlMmJmYjczMC1lY2FhLTExZTYtOGY4OC0zNDM2M2JjN2M0YzAiOnsiY3JlYXRlIjoxMjAwMDAwMDAwMDAwLCJkZWxldGUiOjEyMDAwMDAwMDAwMDAsInVwZGF0ZSI6MTIwMDAwMDAwMDAwMH19",
          "dependencies": [
            "data.oci_core_images.compute_images",
            "data.oci_identity_availability_domains.ADs",
            "oci_core_instance.web-01",
            "oci_core_internet_gateway.igw",
            "oci_core_route_table.PublicRT",
            "oci_core_security_list.securitylist",
            "oci_core_subnet.subnet",
            "oci_core_virtual_network.vcn",
            "oci_load_balancer.Load_Balancer",
            "oci_load_balancer_backend_set.web-servers-backend"
          ]
        }
      ]
    },
    {
      "mode": "managed",
      "type": "oci_load_balancer_backend",
      "name": "web-server-02",
      "provider": "provider[\"registry.terraform.io/hashicorp/oci\"]",
      "instances": [
        {
          "schema_version": 0,
          "attributes": {
            "backendset_name": "web-servers-backend",
            "backup": false,
            "drain": false,
            "id": "loadBalancers/ocid1.loadbalancer.oc1.eu-stockholm-1.aaaaaaaa6ugtr7mu5ztwntq3navjp6oecgf575zu2oz77booanwbnuvwr5xq/backendSets/web-servers-backend/backends/10.0.1.123:80",
            "ip_address": "10.0.1.123",
            "load_balancer_id": "ocid1.loadbalancer.oc1.eu-stockholm-1.aaaaaaaa6ugtr7mu5ztwntq3navjp6oecgf575zu2oz77booanwbnuvwr5xq",
            "max_connections": null,
            "name": "10.0.1.123:80",
            "offline": false,
            "port": 80,
            "state": "SUCCEEDED",
            "timeouts": null,
            "weight": 1
          },
          "sensitive_attributes": [],
          "private": "eyJlMmJmYjczMC1lY2FhLTExZTYtOGY4OC0zNDM2M2JjN2M0YzAiOnsiY3JlYXRlIjoxMjAwMDAwMDAwMDAwLCJkZWxldGUiOjEyMDAwMDAwMDAwMDAsInVwZGF0ZSI6MTIwMDAwMDAwMDAwMH19",
          "dependencies": [
            "data.oci_core_images.compute_images",
            "data.oci_identity_availability_domains.ADs",
            "oci_core_instance.web-02",
            "oci_core_internet_gateway.igw",
            "oci_core_route_table.PublicRT",
            "oci_core_security_list.securitylist",
            "oci_core_subnet.subnet",
            "oci_core_virtual_network.vcn",
            "oci_load_balancer.Load_Balancer",
            "oci_load_balancer_backend_set.web-servers-backend"
          ]
        }
      ]
    },
    {
      "mode": "managed",
      "type": "oci_load_balancer_backend_set",
      "name": "web-servers-backend",
      "provider": "provider[\"registry.terraform.io/hashicorp/oci\"]",
      "instances": [
        {
          "schema_version": 0,
          "attributes": {
            "backend": [],
            "backend_max_connections": null,
            "health_checker": [
              {
                "interval_ms": 10000,
                "is_force_plain_text": false,
                "port": 80,
                "protocol": "HTTP",
                "response_body_regex": ".*",
                "retries": 3,
                "return_code": 200,
                "timeout_in_millis": 3000,
                "url_path": "/"
              }
            ],
            "id": "loadBalancers/ocid1.loadbalancer.oc1.eu-stockholm-1.aaaaaaaa6ugtr7mu5ztwntq3navjp6oecgf575zu2oz77booanwbnuvwr5xq/backendSets/web-servers-backend",
            "lb_cookie_session_persistence_configuration": [],
            "load_balancer_id": "ocid1.loadbalancer.oc1.eu-stockholm-1.aaaaaaaa6ugtr7mu5ztwntq3navjp6oecgf575zu2oz77booanwbnuvwr5xq",
            "name": "web-servers-backend",
            "policy": "ROUND_ROBIN",
            "session_persistence_configuration": [],
            "ssl_configuration": [],
            "state": "SUCCEEDED",
            "timeouts": null
          },
          "sensitive_attributes": [],
          "private": "eyJlMmJmYjczMC1lY2FhLTExZTYtOGY4OC0zNDM2M2JjN2M0YzAiOnsiY3JlYXRlIjoxMjAwMDAwMDAwMDAwLCJkZWxldGUiOjEyMDAwMDAwMDAwMDAsInVwZGF0ZSI6MTIwMDAwMDAwMDAwMH19",
          "dependencies": [
            "oci_core_internet_gateway.igw",
            "oci_core_route_table.PublicRT",
            "oci_core_security_list.securitylist",
            "oci_core_subnet.subnet",
            "oci_core_virtual_network.vcn",
            "oci_load_balancer.Load_Balancer"
          ]
        }
      ]
    }
  ],
  "check_results": null
}
